
Microsoft Visual Studio Solution File, Format Version 12.00
# Visual Studio Version 16
VisualStudioVersion = 16.0.31424.327
MinimumVisualStudioVersion = 10.0.40219.1
Project("{9A19103F-16F7-4668-BE54-9A1E7A4F7556}") = "Targil0", "Targil0\Targil0.csproj", "{43DA7100-46EB-4E44-A581-A95E43855EBE}"
EndProject
Project("{2150E333-8FDC-42A3-9474-1A3956D46DE8}") = "Solution Items", "Solution Items", "{03B58105-60DC-440B-8D09-AFC6C1D17D25}"
	ProjectSection(SolutionItems) = preProject
		BaseStations.xml = BaseStations.xml
		Customers.xml = Customers.xml
		Drones.xml = Drones.xml
		Parcels.xml = Parcels.xml
		README.md = README.md
	EndProjectSection
EndProject
Project("{9A19103F-16F7-4668-BE54-9A1E7A4F7556}") = "ConsoleUI", "ConsoleUI\ConsoleUI.csproj", "{652F63D4-CC5B-4D0B-B1E5-C2F041B45D47}"
EndProject
Project("{9A19103F-16F7-4668-BE54-9A1E7A4F7556}") = "DalObject", "DAL\DalObject.csproj", "{63826D67-F249-4381-ABB3-9762C44F905A}"
EndProject
Project("{9A19103F-16F7-4668-BE54-9A1E7A4F7556}") = "BL", "BL\BL.csproj", "{81885B1E-218E-4AD7-A31B-A947777A457D}"
EndProject
Project("{9A19103F-16F7-4668-BE54-9A1E7A4F7556}") = "ConsoleUI_BL", "ConsoleUI_BL\ConsoleUI_BL.csproj", "{88B4208B-EAD1-4B18-8D9B-2B2CCE84109C}"
EndProject
Project("{9A19103F-16F7-4668-BE54-9A1E7A4F7556}") = "PL", "PL\PL.csproj", "{F6FF919D-0EC0-4907-AD47-462B294D0709}"
EndProject
Project("{9A19103F-16F7-4668-BE54-9A1E7A4F7556}") = "Singleton", "Singleton\Singleton.csproj", "{11F37BAE-9339-4BC9-B844-ED63CF7A60E9}"
EndProject
Project("{9A19103F-16F7-4668-BE54-9A1E7A4F7556}") = "DalApi", "DalApi\DalApi.csproj", "{393A3066-1725-4E6F-A419-C1AEAB808DFE}"
EndProject
Project("{FAE04EC0-301F-11D3-BF4B-00C04F79EFBC}") = "DalXml", "DalXml\DalXml.csproj", "{EB75D63C-4E44-417A-9FEE-C918266A6D41}"
EndProject
Global
	GlobalSection(SolutionConfigurationPlatforms) = preSolution
		Debug|Any CPU = Debug|Any CPU
		Release|Any CPU = Release|Any CPU
	EndGlobalSection
	GlobalSection(ProjectConfigurationPlatforms) = postSolution
		{43DA7100-46EB-4E44-A581-A95E43855EBE}.Debug|Any CPU.ActiveCfg = Debug|Any CPU
		{43DA7100-46EB-4E44-A581-A95E43855EBE}.Debug|Any CPU.Build.0 = Debug|Any CPU
		{43DA7100-46EB-4E44-A581-A95E43855EBE}.Release|Any CPU.ActiveCfg = Release|Any CPU
		{43DA7100-46EB-4E44-A581-A95E43855EBE}.Release|Any CPU.Build.0 = Release|Any CPU
		{652F63D4-CC5B-4D0B-B1E5-C2F041B45D47}.Debug|Any CPU.ActiveCfg = Debug|Any CPU
		{652F63D4-CC5B-4D0B-B1E5-C2F041B45D47}.Debug|Any CPU.Build.0 = Debug|Any CPU
		{652F63D4-CC5B-4D0B-B1E5-C2F041B45D47}.Release|Any CPU.ActiveCfg = Release|Any CPU
		{652F63D4-CC5B-4D0B-B1E5-C2F041B45D47}.Release|Any CPU.Build.0 = Release|Any CPU
		{63826D67-F249-4381-ABB3-9762C44F905A}.Debug|Any CPU.ActiveCfg = Debug|Any CPU
		{63826D67-F249-4381-ABB3-9762C44F905A}.Debug|Any CPU.Build.0 = Debug|Any CPU
		{63826D67-F249-4381-ABB3-9762C44F905A}.Release|Any CPU.ActiveCfg = Release|Any CPU
		{63826D67-F249-4381-ABB3-9762C44F905A}.Release|Any CPU.Build.0 = Release|Any CPU
		{81885B1E-218E-4AD7-A31B-A947777A457D}.Debug|Any CPU.ActiveCfg = Debug|Any CPU
		{81885B1E-218E-4AD7-A31B-A947777A457D}.Debug|Any CPU.Build.0 = Debug|Any CPU
		{81885B1E-218E-4AD7-A31B-A947777A457D}.Release|Any CPU.ActiveCfg = Release|Any CPU
		{81885B1E-218E-4AD7-A31B-A947777A457D}.Release|Any CPU.Build.0 = Release|Any CPU
		{88B4208B-EAD1-4B18-8D9B-2B2CCE84109C}.Debug|Any CPU.ActiveCfg = Debug|Any CPU
		{88B4208B-EAD1-4B18-8D9B-2B2CCE84109C}.Debug|Any CPU.Build.0 = Debug|Any CPU
		{88B4208B-EAD1-4B18-8D9B-2B2CCE84109C}.Release|Any CPU.ActiveCfg = Release|Any CPU
		{88B4208B-EAD1-4B18-8D9B-2B2CCE84109C}.Release|Any CPU.Build.0 = Release|Any CPU
		{F6FF919D-0EC0-4907-AD47-462B294D0709}.Debug|Any CPU.ActiveCfg = Debug|Any CPU
		{F6FF919D-0EC0-4907-AD47-462B294D0709}.Debug|Any CPU.Build.0 = Debug|Any CPU
		{F6FF919D-0EC0-4907-AD47-462B294D0709}.Release|Any CPU.ActiveCfg = Release|Any CPU
		{F6FF919D-0EC0-4907-AD47-462B294D0709}.Release|Any CPU.Build.0 = Release|Any CPU
		{11F37BAE-9339-4BC9-B844-ED63CF7A60E9}.Debug|Any CPU.ActiveCfg = Debug|Any CPU
		{11F37BAE-9339-4BC9-B844-ED63CF7A60E9}.Debug|Any CPU.Build.0 = Debug|Any CPU
		{11F37BAE-9339-4BC9-B844-ED63CF7A60E9}.Release|Any CPU.ActiveCfg = Release|Any CPU
		{11F37BAE-9339-4BC9-B844-ED63CF7A60E9}.Release|Any CPU.Build.0 = Release|Any CPU
		{393A3066-1725-4E6F-A419-C1AEAB808DFE}.Debug|Any CPU.ActiveCfg = Debug|Any CPU
		{393A3066-1725-4E6F-A419-C1AEAB808DFE}.Debug|Any CPU.Build.0 = Debug|Any CPU
		{393A3066-1725-4E6F-A419-C1AEAB808DFE}.Release|Any CPU.ActiveCfg = Release|Any CPU
		{393A3066-1725-4E6F-A419-C1AEAB808DFE}.Release|Any CPU.Build.0 = Release|Any CPU
		{EB75D63C-4E44-417A-9FEE-C918266A6D41}.Debug|Any CPU.ActiveCfg = Debug|Any CPU
		{EB75D63C-4E44-417A-9FEE-C918266A6D41}.Debug|Any CPU.Build.0 = Debug|Any CPU
		{EB75D63C-4E44-417A-9FEE-C918266A6D41}.Release|Any CPU.ActiveCfg = Release|Any CPU
		{EB75D63C-4E44-417A-9FEE-C918266A6D41}.Release|Any CPU.Build.0 = Release|Any CPU
	EndGlobalSection
	GlobalSection(SolutionProperties) = preSolution
		HideSolutionNode = FALSE
	EndGlobalSection
	GlobalSection(ExtensibilityGlobals) = postSolution
		SolutionGuid = {FF21FF5A-3D80-496F-9D07-DAF83637476F}
	EndGlobalSection
EndGlobal
